
Microsoft Visual Studio Solution File, Format Version 12.00
# Visual Studio Version 16
VisualStudioVersion = 16.0.29613.14
MinimumVisualStudioVersion = 10.0.40219.1
Project("{FAE04EC0-301F-11D3-BF4B-00C04F79EFBC}") = "UnifiedRailwaySystem", "UnifiedRailwaySystem\UnifiedRailwaySystem.csproj", "{AEF312FF-9300-4353-AA54-7195ECBDBAAE}"
EndProject
Global
	GlobalSection(SolutionConfigurationPlatforms) = preSolution
		Debug|Any CPU = Debug|Any CPU
		Release|Any CPU = Release|Any CPU
	EndGlobalSection
	GlobalSection(ProjectConfigurationPlatforms) = postSolution
		{AEF312FF-9300-4353-AA54-7195ECBDBAAE}.Debug|Any CPU.ActiveCfg = Debug|Any CPU
		{AEF312FF-9300-4353-AA54-7195ECBDBAAE}.Debug|Any CPU.Build.0 = Debug|Any CPU
		{AEF312FF-9300-4353-AA54-7195ECBDBAAE}.Release|Any CPU.ActiveCfg = Release|Any CPU
		{AEF312FF-9300-4353-AA54-7195ECBDBAAE}.Release|Any CPU.Build.0 = Release|Any CPU
	EndGlobalSection
	GlobalSection(SolutionProperties) = preSolution
		HideSolutionNode = FALSE
	EndGlobalSection
	GlobalSection(ExtensibilityGlobals) = postSolution
		SolutionGuid = {70A622C1-958B-4834-9CE4-E190188E8E44}
	EndGlobalSection
EndGlobal
